{
  "name": "twincat-hmi-barcode",
  "version": "1.0.0",
  "lockfileVersion": 1,
  "requires": true,
  "dependencies": {
    "@types/jsbarcode": {
      "version": "3.11.0",
      "resolved": "https://registry.npmjs.org/@types/jsbarcode/-/jsbarcode-3.11.0.tgz",
      "integrity": "sha512-H+PHX3O8BZZq84ilXzEERliSlsLUJr+A/1OsYm7fi95joPDWtecgS+OoOElu3wADzj9boBfHNx9vE7e5Op3H6g==",
      "requires": {
        "@types/node": "*"
      }
    },
    "@types/node": {
      "version": "14.14.7",
      "resolved": "https://registry.npmjs.org/@types/node/-/node-14.14.7.tgz",
      "integrity": "sha512-Zw1vhUSQZYw+7u5dAwNbIA9TuTotpzY/OF7sJM9FqPOF3SPjKnxrjoTktXDZgUjybf4cWVBP7O8wvKdSaGHweg=="
    },
    "jsbarcode": {
      "version": "3.11.3",
      "resolved": "https://registry.npmjs.org/jsbarcode/-/jsbarcode-3.11.3.tgz",
      "integrity": "sha512-TsoeHL/0ASvKE3+sbLuTkT2cGvDV/MsQAQVuGf/1EWKe7SXNYlyzW/3TFeAmqJg/Fhz6pPgrci8o5hR+Ej59Jw=="
    }
  }
}
